
Microsoft Visual Studio Solution File, Format Version 12.00
# Visual Studio Version 16
VisualStudioVersion = 16.0.33529.622
MinimumVisualStudioVersion = 10.0.40219.1
Project("{FAE04EC0-301F-11D3-BF4B-00C04F79EFBC}") = "WinFormsApp1", "WinFormsApp1.csproj", "{C89B3156-2C0C-4D77-99EE-F01A66EBAF63}"
EndProject
Global
	GlobalSection(SolutionConfigurationPlatforms) = preSolution
		Debug|Any CPU = Debug|Any CPU
		Release|Any CPU = Release|Any CPU
	EndGlobalSection
	GlobalSection(ProjectConfigurationPlatforms) = postSolution
		{C89B3156-2C0C-4D77-99EE-F01A66EBAF63}.Debug|Any CPU.ActiveCfg = Debug|Any CPU
		{C89B3156-2C0C-4D77-99EE-F01A66EBAF63}.Debug|Any CPU.Build.0 = Debug|Any CPU
		{C89B3156-2C0C-4D77-99EE-F01A66EBAF63}.Release|Any CPU.ActiveCfg = Release|Any CPU
		{C89B3156-2C0C-4D77-99EE-F01A66EBAF63}.Release|Any CPU.Build.0 = Release|Any CPU
	EndGlobalSection
	GlobalSection(SolutionProperties) = preSolution
		HideSolutionNode = FALSE
	EndGlobalSection
	GlobalSection(ExtensibilityGlobals) = postSolution
		SolutionGuid = {E8D1CB8D-903A-4EA5-83A6-A45F13B31D84}
	EndGlobalSection
EndGlobal
